
Microsoft Visual Studio Solution File, Format Version 12.00
# Visual Studio Version 16
VisualStudioVersion = 16.0.29519.87
MinimumVisualStudioVersion = 10.0.40219.1
Project("{FAE04EC0-301F-11D3-BF4B-00C04F79EFBC}") = "BattleshipGame", "BattleshipGame\BattleshipGame.csproj", "{5D9BCCEF-239A-48AB-9EBB-ABF5552CEC10}"
EndProject
Project("{FAE04EC0-301F-11D3-BF4B-00C04F79EFBC}") = "BattleshipGameTests", "BattleshipGameTests\BattleshipGameTests.csproj", "{EC4B71B7-069C-42A0-8D7B-D1A755519E8C}"
EndProject
Global
	GlobalSection(SolutionConfigurationPlatforms) = preSolution
		Debug|Any CPU = Debug|Any CPU
		Release|Any CPU = Release|Any CPU
	EndGlobalSection
	GlobalSection(ProjectConfigurationPlatforms) = postSolution
		{5D9BCCEF-239A-48AB-9EBB-ABF5552CEC10}.Debug|Any CPU.ActiveCfg = Debug|Any CPU
		{5D9BCCEF-239A-48AB-9EBB-ABF5552CEC10}.Debug|Any CPU.Build.0 = Debug|Any CPU
		{5D9BCCEF-239A-48AB-9EBB-ABF5552CEC10}.Release|Any CPU.ActiveCfg = Release|Any CPU
		{5D9BCCEF-239A-48AB-9EBB-ABF5552CEC10}.Release|Any CPU.Build.0 = Release|Any CPU
		{EC4B71B7-069C-42A0-8D7B-D1A755519E8C}.Debug|Any CPU.ActiveCfg = Debug|Any CPU
		{EC4B71B7-069C-42A0-8D7B-D1A755519E8C}.Debug|Any CPU.Build.0 = Debug|Any CPU
		{EC4B71B7-069C-42A0-8D7B-D1A755519E8C}.Release|Any CPU.ActiveCfg = Release|Any CPU
		{EC4B71B7-069C-42A0-8D7B-D1A755519E8C}.Release|Any CPU.Build.0 = Release|Any CPU
	EndGlobalSection
	GlobalSection(SolutionProperties) = preSolution
		HideSolutionNode = FALSE
	EndGlobalSection
	GlobalSection(ExtensibilityGlobals) = postSolution
		SolutionGuid = {82755243-2B8B-4515-B619-4ABA05EF7075}
	EndGlobalSection
EndGlobal
